
Microsoft Visual Studio Solution File, Format Version 12.00
# Visual Studio Version 16
VisualStudioVersion = 16.0.30621.155
MinimumVisualStudioVersion = 10.0.40219.1
Project("{FAE04EC0-301F-11D3-BF4B-00C04F79EFBC}") = "RichTextBox Kontrola", "RichTextBox Kontrola\RichTextBox Kontrola.csproj", "{E11F502E-4551-4522-9FB6-C6B2DA7A4B1D}"
EndProject
Global
	GlobalSection(SolutionConfigurationPlatforms) = preSolution
		Debug|Any CPU = Debug|Any CPU
		Release|Any CPU = Release|Any CPU
	EndGlobalSection
	GlobalSection(ProjectConfigurationPlatforms) = postSolution
		{E11F502E-4551-4522-9FB6-C6B2DA7A4B1D}.Debug|Any CPU.ActiveCfg = Debug|Any CPU
		{E11F502E-4551-4522-9FB6-C6B2DA7A4B1D}.Debug|Any CPU.Build.0 = Debug|Any CPU
		{E11F502E-4551-4522-9FB6-C6B2DA7A4B1D}.Release|Any CPU.ActiveCfg = Release|Any CPU
		{E11F502E-4551-4522-9FB6-C6B2DA7A4B1D}.Release|Any CPU.Build.0 = Release|Any CPU
	EndGlobalSection
	GlobalSection(SolutionProperties) = preSolution
		HideSolutionNode = FALSE
	EndGlobalSection
	GlobalSection(ExtensibilityGlobals) = postSolution
		SolutionGuid = {B9454E3F-DF53-4897-979F-808F5E3168A5}
	EndGlobalSection
EndGlobal
